
Microsoft Visual Studio Solution File, Format Version 12.00
# Visual Studio Version 16
VisualStudioVersion = 16.0.32630.194
MinimumVisualStudioVersion = 10.0.40219.1
Project("{FAE04EC0-301F-11D3-BF4B-00C04F79EFBC}") = "Linked_List", "Linked_List\Linked_List.csproj", "{08EED2F4-94A6-4783-9699-481637B323D8}"
EndProject
Global
	GlobalSection(SolutionConfigurationPlatforms) = preSolution
		Debug|Any CPU = Debug|Any CPU
		Release|Any CPU = Release|Any CPU
	EndGlobalSection
	GlobalSection(ProjectConfigurationPlatforms) = postSolution
		{08EED2F4-94A6-4783-9699-481637B323D8}.Debug|Any CPU.ActiveCfg = Debug|Any CPU
		{08EED2F4-94A6-4783-9699-481637B323D8}.Debug|Any CPU.Build.0 = Debug|Any CPU
		{08EED2F4-94A6-4783-9699-481637B323D8}.Release|Any CPU.ActiveCfg = Release|Any CPU
		{08EED2F4-94A6-4783-9699-481637B323D8}.Release|Any CPU.Build.0 = Release|Any CPU
	EndGlobalSection
	GlobalSection(SolutionProperties) = preSolution
		HideSolutionNode = FALSE
	EndGlobalSection
	GlobalSection(ExtensibilityGlobals) = postSolution
		SolutionGuid = {D618570F-A84A-4624-B738-607AE725568F}
	EndGlobalSection
EndGlobal
